
Microsoft Visual Studio Solution File, Format Version 12.00
# Visual Studio 15
VisualStudioVersion = 15.0.26730.16
MinimumVisualStudioVersion = 10.0.40219.1
Project("{8BC9CEB8-8B4A-11D0-8D11-00A0C91BC942}") = "Original", "N-Body Simulation\N-Body Simulation.vcxproj", "{3A8E1C69-A978-47F0-A2CE-61EBD02AD556}"
EndProject
Project("{8BC9CEB8-8B4A-11D0-8D11-00A0C91BC942}") = "CUDA", "CUDA\CUDA.vcxproj", "{3E45868B-3D63-46FB-82D2-2923FFBBC125}"
EndProject
Project("{8BC9CEB8-8B4A-11D0-8D11-00A0C91BC942}") = "OpenMP", "OpenMP\OpenMP.vcxproj", "{59DA6B63-7A71-4654-978E-7B5CAC12893D}"
EndProject
Global
	GlobalSection(SolutionConfigurationPlatforms) = preSolution
		Debug|x64 = Debug|x64
		Debug|x86 = Debug|x86
		Release|x64 = Release|x64
		Release|x86 = Release|x86
	EndGlobalSection
	GlobalSection(ProjectConfigurationPlatforms) = postSolution
		{3A8E1C69-A978-47F0-A2CE-61EBD02AD556}.Debug|x64.ActiveCfg = Debug|x64
		{3A8E1C69-A978-47F0-A2CE-61EBD02AD556}.Debug|x64.Build.0 = Debug|x64
		{3A8E1C69-A978-47F0-A2CE-61EBD02AD556}.Debug|x86.ActiveCfg = Debug|Win32
		{3A8E1C69-A978-47F0-A2CE-61EBD02AD556}.Debug|x86.Build.0 = Debug|Win32
		{3A8E1C69-A978-47F0-A2CE-61EBD02AD556}.Release|x64.ActiveCfg = Release|x64
		{3A8E1C69-A978-47F0-A2CE-61EBD02AD556}.Release|x64.Build.0 = Release|x64
		{3A8E1C69-A978-47F0-A2CE-61EBD02AD556}.Release|x86.ActiveCfg = Release|Win32
		{3A8E1C69-A978-47F0-A2CE-61EBD02AD556}.Release|x86.Build.0 = Release|Win32
		{3E45868B-3D63-46FB-82D2-2923FFBBC125}.Debug|x64.ActiveCfg = Debug|x64
		{3E45868B-3D63-46FB-82D2-2923FFBBC125}.Debug|x64.Build.0 = Debug|x64
		{3E45868B-3D63-46FB-82D2-2923FFBBC125}.Debug|x86.ActiveCfg = Debug|x64
		{3E45868B-3D63-46FB-82D2-2923FFBBC125}.Release|x64.ActiveCfg = Release|x64
		{3E45868B-3D63-46FB-82D2-2923FFBBC125}.Release|x64.Build.0 = Release|x64
		{3E45868B-3D63-46FB-82D2-2923FFBBC125}.Release|x86.ActiveCfg = Release|x64
		{59DA6B63-7A71-4654-978E-7B5CAC12893D}.Debug|x64.ActiveCfg = Debug|x64
		{59DA6B63-7A71-4654-978E-7B5CAC12893D}.Debug|x64.Build.0 = Debug|x64
		{59DA6B63-7A71-4654-978E-7B5CAC12893D}.Debug|x86.ActiveCfg = Debug|Win32
		{59DA6B63-7A71-4654-978E-7B5CAC12893D}.Debug|x86.Build.0 = Debug|Win32
		{59DA6B63-7A71-4654-978E-7B5CAC12893D}.Release|x64.ActiveCfg = Release|x64
		{59DA6B63-7A71-4654-978E-7B5CAC12893D}.Release|x64.Build.0 = Release|x64
		{59DA6B63-7A71-4654-978E-7B5CAC12893D}.Release|x86.ActiveCfg = Release|Win32
		{59DA6B63-7A71-4654-978E-7B5CAC12893D}.Release|x86.Build.0 = Release|Win32
	EndGlobalSection
	GlobalSection(SolutionProperties) = preSolution
		HideSolutionNode = FALSE
	EndGlobalSection
	GlobalSection(ExtensibilityGlobals) = postSolution
		SolutionGuid = {A73B504B-F2B9-40F9-ACCB-333A11A848FD}
	EndGlobalSection
EndGlobal
